
Microsoft Visual Studio Solution File, Format Version 12.00
# Visual Studio 15
Project("{FAE04EC0-301F-11D3-BF4B-00C04F79EFBC}") = "MatchingBrackets", "MatchingBrackets.csproj", "{ACEDBDC8-5783-47D2-B92B-9A651D16C198}"
EndProject
Global
	GlobalSection(SolutionConfigurationPlatforms) = preSolution
		Debug|Any CPU = Debug|Any CPU
		Release|Any CPU = Release|Any CPU
	EndGlobalSection
	GlobalSection(ProjectConfigurationPlatforms) = postSolution
		{ACEDBDC8-5783-47D2-B92B-9A651D16C198}.Debug|Any CPU.ActiveCfg = Debug|Any CPU
		{ACEDBDC8-5783-47D2-B92B-9A651D16C198}.Debug|Any CPU.Build.0 = Debug|Any CPU
		{ACEDBDC8-5783-47D2-B92B-9A651D16C198}.Release|Any CPU.ActiveCfg = Release|Any CPU
		{ACEDBDC8-5783-47D2-B92B-9A651D16C198}.Release|Any CPU.Build.0 = Release|Any CPU
	EndGlobalSection
EndGlobal
