
Microsoft Visual Studio Solution File, Format Version 12.00
# Visual Studio 15
Project("{FAE04EC0-301F-11D3-BF4B-00C04F79EFBC}") = "SpaceAge", "SpaceAge.csproj", "{29C2BBAC-9921-40BD-8DCC-3E345345CB60}"
EndProject
Global
	GlobalSection(SolutionConfigurationPlatforms) = preSolution
		Debug|Any CPU = Debug|Any CPU
		Release|Any CPU = Release|Any CPU
	EndGlobalSection
	GlobalSection(ProjectConfigurationPlatforms) = postSolution
		{29C2BBAC-9921-40BD-8DCC-3E345345CB60}.Debug|Any CPU.ActiveCfg = Debug|Any CPU
		{29C2BBAC-9921-40BD-8DCC-3E345345CB60}.Debug|Any CPU.Build.0 = Debug|Any CPU
		{29C2BBAC-9921-40BD-8DCC-3E345345CB60}.Release|Any CPU.ActiveCfg = Release|Any CPU
		{29C2BBAC-9921-40BD-8DCC-3E345345CB60}.Release|Any CPU.Build.0 = Release|Any CPU
	EndGlobalSection
EndGlobal
